
Microsoft Visual Studio Solution File, Format Version 12.00
# Visual Studio Version 17
VisualStudioVersion = 17.0.32112.339
MinimumVisualStudioVersion = 10.0.40219.1
Project("{8BC9CEB8-8B4A-11D0-8D11-00A0C91BC942}") = "Homework20220113", "Homework20220113.vcxproj", "{B001FFEE-275A-4F65-81BC-F9F9CD16C449}"
EndProject
Project("{8BC9CEB8-8B4A-11D0-8D11-00A0C91BC942}") = "Homework20220112", "..\Homework20220112\Homework20220112.vcxproj", "{78ABFC1C-AC04-4621-BE17-12B5D9B9BF81}"
EndProject
Project("{8BC9CEB8-8B4A-11D0-8D11-00A0C91BC942}") = "Homework20220114", "..\Homework20220114\Homework20220114.vcxproj", "{73B0082E-E35E-4A64-BF39-A9EC5102A206}"
EndProject
Project("{8BC9CEB8-8B4A-11D0-8D11-00A0C91BC942}") = "Homework20220117", "..\Homework20220117\Homework20220117.vcxproj", "{F46EF70B-9BFB-4259-8E96-58377F71A5C0}"
EndProject
Project("{8BC9CEB8-8B4A-11D0-8D11-00A0C91BC942}") = "Homework20220120", "..\Homework20220120\Homework20220120.vcxproj", "{4DF0C690-32DB-44F7-A071-49EA01E682E0}"
EndProject
Project("{8BC9CEB8-8B4A-11D0-8D11-00A0C91BC942}") = "Homework20220126", "..\Homework20220126\Homework20220126.vcxproj", "{7DFEDA96-3284-4900-9E8F-F1F06C4BA930}"
EndProject
Project("{8BC9CEB8-8B4A-11D0-8D11-00A0C91BC942}") = "Homework20220207", "..\Homework20220207\Homework20220207.vcxproj", "{CEF19AB7-EC7C-43F6-93E4-8914EDA6ACBB}"
EndProject
Project("{8BC9CEB8-8B4A-11D0-8D11-00A0C91BC942}") = "Homework20220209", "..\Homework20220209\Homework20220209.vcxproj", "{35075D74-E68D-4371-B05D-EBE9BC02BAE8}"
EndProject
Project("{8BC9CEB8-8B4A-11D0-8D11-00A0C91BC942}") = "Homework20220210", "..\Homework20220210\Homework20220210.vcxproj", "{CA21E882-1564-473B-98C9-0991E4C7513C}"
EndProject
Project("{8BC9CEB8-8B4A-11D0-8D11-00A0C91BC942}") = "Homework20220215", "..\Homework20220215\Homework20220215.vcxproj", "{3CCBB224-4891-4839-9280-66100773F360}"
EndProject
Project("{8BC9CEB8-8B4A-11D0-8D11-00A0C91BC942}") = "Homework20220221", "..\Homework20220221\Homework20220221.vcxproj", "{1108A242-184E-4D91-8540-1C39D3180458}"
EndProject
Project("{8BC9CEB8-8B4A-11D0-8D11-00A0C91BC942}") = "Homework20220222", "..\Homework20220222\Homework20220222.vcxproj", "{A4976A77-1683-49B2-943A-14CD493345E8}"
EndProject
Project("{8BC9CEB8-8B4A-11D0-8D11-00A0C91BC942}") = "Homework20220223", "..\Homework20220223\Homework20220223.vcxproj", "{BB00525F-7293-4CD8-A485-E261A99E28AC}"
EndProject
Project("{8BC9CEB8-8B4A-11D0-8D11-00A0C91BC942}") = "Homework20220224", "..\Homework20220224\Homework20220224.vcxproj", "{BCCF56D3-9D88-4485-8573-C97F04FEBF60}"
EndProject
Global
	GlobalSection(SolutionConfigurationPlatforms) = preSolution
		Debug|x64 = Debug|x64
		Debug|x86 = Debug|x86
		Release|x64 = Release|x64
		Release|x86 = Release|x86
	EndGlobalSection
	GlobalSection(ProjectConfigurationPlatforms) = postSolution
		{B001FFEE-275A-4F65-81BC-F9F9CD16C449}.Debug|x64.ActiveCfg = Debug|x64
		{B001FFEE-275A-4F65-81BC-F9F9CD16C449}.Debug|x64.Build.0 = Debug|x64
		{B001FFEE-275A-4F65-81BC-F9F9CD16C449}.Debug|x86.ActiveCfg = Debug|Win32
		{B001FFEE-275A-4F65-81BC-F9F9CD16C449}.Debug|x86.Build.0 = Debug|Win32
		{B001FFEE-275A-4F65-81BC-F9F9CD16C449}.Release|x64.ActiveCfg = Release|x64
		{B001FFEE-275A-4F65-81BC-F9F9CD16C449}.Release|x64.Build.0 = Release|x64
		{B001FFEE-275A-4F65-81BC-F9F9CD16C449}.Release|x86.ActiveCfg = Release|Win32
		{B001FFEE-275A-4F65-81BC-F9F9CD16C449}.Release|x86.Build.0 = Release|Win32
		{78ABFC1C-AC04-4621-BE17-12B5D9B9BF81}.Debug|x64.ActiveCfg = Debug|x64
		{78ABFC1C-AC04-4621-BE17-12B5D9B9BF81}.Debug|x64.Build.0 = Debug|x64
		{78ABFC1C-AC04-4621-BE17-12B5D9B9BF81}.Debug|x86.ActiveCfg = Debug|Win32
		{78ABFC1C-AC04-4621-BE17-12B5D9B9BF81}.Debug|x86.Build.0 = Debug|Win32
		{78ABFC1C-AC04-4621-BE17-12B5D9B9BF81}.Release|x64.ActiveCfg = Release|x64
		{78ABFC1C-AC04-4621-BE17-12B5D9B9BF81}.Release|x64.Build.0 = Release|x64
		{78ABFC1C-AC04-4621-BE17-12B5D9B9BF81}.Release|x86.ActiveCfg = Release|Win32
		{78ABFC1C-AC04-4621-BE17-12B5D9B9BF81}.Release|x86.Build.0 = Release|Win32
		{73B0082E-E35E-4A64-BF39-A9EC5102A206}.Debug|x64.ActiveCfg = Debug|x64
		{73B0082E-E35E-4A64-BF39-A9EC5102A206}.Debug|x64.Build.0 = Debug|x64
		{73B0082E-E35E-4A64-BF39-A9EC5102A206}.Debug|x86.ActiveCfg = Debug|Win32
		{73B0082E-E35E-4A64-BF39-A9EC5102A206}.Debug|x86.Build.0 = Debug|Win32
		{73B0082E-E35E-4A64-BF39-A9EC5102A206}.Release|x64.ActiveCfg = Release|x64
		{73B0082E-E35E-4A64-BF39-A9EC5102A206}.Release|x64.Build.0 = Release|x64
		{73B0082E-E35E-4A64-BF39-A9EC5102A206}.Release|x86.ActiveCfg = Release|Win32
		{73B0082E-E35E-4A64-BF39-A9EC5102A206}.Release|x86.Build.0 = Release|Win32
		{F46EF70B-9BFB-4259-8E96-58377F71A5C0}.Debug|x64.ActiveCfg = Debug|x64
		{F46EF70B-9BFB-4259-8E96-58377F71A5C0}.Debug|x64.Build.0 = Debug|x64
		{F46EF70B-9BFB-4259-8E96-58377F71A5C0}.Debug|x86.ActiveCfg = Debug|Win32
		{F46EF70B-9BFB-4259-8E96-58377F71A5C0}.Debug|x86.Build.0 = Debug|Win32
		{F46EF70B-9BFB-4259-8E96-58377F71A5C0}.Release|x64.ActiveCfg = Release|x64
		{F46EF70B-9BFB-4259-8E96-58377F71A5C0}.Release|x64.Build.0 = Release|x64
		{F46EF70B-9BFB-4259-8E96-58377F71A5C0}.Release|x86.ActiveCfg = Release|Win32
		{F46EF70B-9BFB-4259-8E96-58377F71A5C0}.Release|x86.Build.0 = Release|Win32
		{4DF0C690-32DB-44F7-A071-49EA01E682E0}.Debug|x64.ActiveCfg = Debug|x64
		{4DF0C690-32DB-44F7-A071-49EA01E682E0}.Debug|x64.Build.0 = Debug|x64
		{4DF0C690-32DB-44F7-A071-49EA01E682E0}.Debug|x86.ActiveCfg = Debug|Win32
		{4DF0C690-32DB-44F7-A071-49EA01E682E0}.Debug|x86.Build.0 = Debug|Win32
		{4DF0C690-32DB-44F7-A071-49EA01E682E0}.Release|x64.ActiveCfg = Release|x64
		{4DF0C690-32DB-44F7-A071-49EA01E682E0}.Release|x64.Build.0 = Release|x64
		{4DF0C690-32DB-44F7-A071-49EA01E682E0}.Release|x86.ActiveCfg = Release|Win32
		{4DF0C690-32DB-44F7-A071-49EA01E682E0}.Release|x86.Build.0 = Release|Win32
		{7DFEDA96-3284-4900-9E8F-F1F06C4BA930}.Debug|x64.ActiveCfg = Debug|x64
		{7DFEDA96-3284-4900-9E8F-F1F06C4BA930}.Debug|x64.Build.0 = Debug|x64
		{7DFEDA96-3284-4900-9E8F-F1F06C4BA930}.Debug|x86.ActiveCfg = Debug|Win32
		{7DFEDA96-3284-4900-9E8F-F1F06C4BA930}.Debug|x86.Build.0 = Debug|Win32
		{7DFEDA96-3284-4900-9E8F-F1F06C4BA930}.Release|x64.ActiveCfg = Release|x64
		{7DFEDA96-3284-4900-9E8F-F1F06C4BA930}.Release|x64.Build.0 = Release|x64
		{7DFEDA96-3284-4900-9E8F-F1F06C4BA930}.Release|x86.ActiveCfg = Release|Win32
		{7DFEDA96-3284-4900-9E8F-F1F06C4BA930}.Release|x86.Build.0 = Release|Win32
		{CEF19AB7-EC7C-43F6-93E4-8914EDA6ACBB}.Debug|x64.ActiveCfg = Debug|x64
		{CEF19AB7-EC7C-43F6-93E4-8914EDA6ACBB}.Debug|x64.Build.0 = Debug|x64
		{CEF19AB7-EC7C-43F6-93E4-8914EDA6ACBB}.Debug|x86.ActiveCfg = Debug|Win32
		{CEF19AB7-EC7C-43F6-93E4-8914EDA6ACBB}.Debug|x86.Build.0 = Debug|Win32
		{CEF19AB7-EC7C-43F6-93E4-8914EDA6ACBB}.Release|x64.ActiveCfg = Release|x64
		{CEF19AB7-EC7C-43F6-93E4-8914EDA6ACBB}.Release|x64.Build.0 = Release|x64
		{CEF19AB7-EC7C-43F6-93E4-8914EDA6ACBB}.Release|x86.ActiveCfg = Release|Win32
		{CEF19AB7-EC7C-43F6-93E4-8914EDA6ACBB}.Release|x86.Build.0 = Release|Win32
		{35075D74-E68D-4371-B05D-EBE9BC02BAE8}.Debug|x64.ActiveCfg = Debug|x64
		{35075D74-E68D-4371-B05D-EBE9BC02BAE8}.Debug|x64.Build.0 = Debug|x64
		{35075D74-E68D-4371-B05D-EBE9BC02BAE8}.Debug|x86.ActiveCfg = Debug|Win32
		{35075D74-E68D-4371-B05D-EBE9BC02BAE8}.Debug|x86.Build.0 = Debug|Win32
		{35075D74-E68D-4371-B05D-EBE9BC02BAE8}.Release|x64.ActiveCfg = Release|x64
		{35075D74-E68D-4371-B05D-EBE9BC02BAE8}.Release|x64.Build.0 = Release|x64
		{35075D74-E68D-4371-B05D-EBE9BC02BAE8}.Release|x86.ActiveCfg = Release|Win32
		{35075D74-E68D-4371-B05D-EBE9BC02BAE8}.Release|x86.Build.0 = Release|Win32
		{CA21E882-1564-473B-98C9-0991E4C7513C}.Debug|x64.ActiveCfg = Debug|x64
		{CA21E882-1564-473B-98C9-0991E4C7513C}.Debug|x64.Build.0 = Debug|x64
		{CA21E882-1564-473B-98C9-0991E4C7513C}.Debug|x86.ActiveCfg = Debug|Win32
		{CA21E882-1564-473B-98C9-0991E4C7513C}.Debug|x86.Build.0 = Debug|Win32
		{CA21E882-1564-473B-98C9-0991E4C7513C}.Release|x64.ActiveCfg = Release|x64
		{CA21E882-1564-473B-98C9-0991E4C7513C}.Release|x64.Build.0 = Release|x64
		{CA21E882-1564-473B-98C9-0991E4C7513C}.Release|x86.ActiveCfg = Release|Win32
		{CA21E882-1564-473B-98C9-0991E4C7513C}.Release|x86.Build.0 = Release|Win32
		{3CCBB224-4891-4839-9280-66100773F360}.Debug|x64.ActiveCfg = Debug|x64
		{3CCBB224-4891-4839-9280-66100773F360}.Debug|x64.Build.0 = Debug|x64
		{3CCBB224-4891-4839-9280-66100773F360}.Debug|x86.ActiveCfg = Debug|Win32
		{3CCBB224-4891-4839-9280-66100773F360}.Debug|x86.Build.0 = Debug|Win32
		{3CCBB224-4891-4839-9280-66100773F360}.Release|x64.ActiveCfg = Release|x64
		{3CCBB224-4891-4839-9280-66100773F360}.Release|x64.Build.0 = Release|x64
		{3CCBB224-4891-4839-9280-66100773F360}.Release|x86.ActiveCfg = Release|Win32
		{3CCBB224-4891-4839-9280-66100773F360}.Release|x86.Build.0 = Release|Win32
		{1108A242-184E-4D91-8540-1C39D3180458}.Debug|x64.ActiveCfg = Debug|x64
		{1108A242-184E-4D91-8540-1C39D3180458}.Debug|x64.Build.0 = Debug|x64
		{1108A242-184E-4D91-8540-1C39D3180458}.Debug|x86.ActiveCfg = Debug|Win32
		{1108A242-184E-4D91-8540-1C39D3180458}.Debug|x86.Build.0 = Debug|Win32
		{1108A242-184E-4D91-8540-1C39D3180458}.Release|x64.ActiveCfg = Release|x64
		{1108A242-184E-4D91-8540-1C39D3180458}.Release|x64.Build.0 = Release|x64
		{1108A242-184E-4D91-8540-1C39D3180458}.Release|x86.ActiveCfg = Release|Win32
		{1108A242-184E-4D91-8540-1C39D3180458}.Release|x86.Build.0 = Release|Win32
		{A4976A77-1683-49B2-943A-14CD493345E8}.Debug|x64.ActiveCfg = Debug|x64
		{A4976A77-1683-49B2-943A-14CD493345E8}.Debug|x64.Build.0 = Debug|x64
		{A4976A77-1683-49B2-943A-14CD493345E8}.Debug|x86.ActiveCfg = Debug|Win32
		{A4976A77-1683-49B2-943A-14CD493345E8}.Debug|x86.Build.0 = Debug|Win32
		{A4976A77-1683-49B2-943A-14CD493345E8}.Release|x64.ActiveCfg = Release|x64
		{A4976A77-1683-49B2-943A-14CD493345E8}.Release|x64.Build.0 = Release|x64
		{A4976A77-1683-49B2-943A-14CD493345E8}.Release|x86.ActiveCfg = Release|Win32
		{A4976A77-1683-49B2-943A-14CD493345E8}.Release|x86.Build.0 = Release|Win32
		{BB00525F-7293-4CD8-A485-E261A99E28AC}.Debug|x64.ActiveCfg = Debug|x64
		{BB00525F-7293-4CD8-A485-E261A99E28AC}.Debug|x64.Build.0 = Debug|x64
		{BB00525F-7293-4CD8-A485-E261A99E28AC}.Debug|x86.ActiveCfg = Debug|Win32
		{BB00525F-7293-4CD8-A485-E261A99E28AC}.Debug|x86.Build.0 = Debug|Win32
		{BB00525F-7293-4CD8-A485-E261A99E28AC}.Release|x64.ActiveCfg = Release|x64
		{BB00525F-7293-4CD8-A485-E261A99E28AC}.Release|x64.Build.0 = Release|x64
		{BB00525F-7293-4CD8-A485-E261A99E28AC}.Release|x86.ActiveCfg = Release|Win32
		{BB00525F-7293-4CD8-A485-E261A99E28AC}.Release|x86.Build.0 = Release|Win32
		{BCCF56D3-9D88-4485-8573-C97F04FEBF60}.Debug|x64.ActiveCfg = Debug|x64
		{BCCF56D3-9D88-4485-8573-C97F04FEBF60}.Debug|x64.Build.0 = Debug|x64
		{BCCF56D3-9D88-4485-8573-C97F04FEBF60}.Debug|x86.ActiveCfg = Debug|Win32
		{BCCF56D3-9D88-4485-8573-C97F04FEBF60}.Debug|x86.Build.0 = Debug|Win32
		{BCCF56D3-9D88-4485-8573-C97F04FEBF60}.Release|x64.ActiveCfg = Release|x64
		{BCCF56D3-9D88-4485-8573-C97F04FEBF60}.Release|x64.Build.0 = Release|x64
		{BCCF56D3-9D88-4485-8573-C97F04FEBF60}.Release|x86.ActiveCfg = Release|Win32
		{BCCF56D3-9D88-4485-8573-C97F04FEBF60}.Release|x86.Build.0 = Release|Win32
	EndGlobalSection
	GlobalSection(SolutionProperties) = preSolution
		HideSolutionNode = FALSE
	EndGlobalSection
	GlobalSection(ExtensibilityGlobals) = postSolution
		SolutionGuid = {2A9DC253-5C67-4A2E-B785-74756785B4AD}
	EndGlobalSection
EndGlobal
