
Microsoft Visual Studio Solution File, Format Version 12.00
# Visual Studio Version 17
VisualStudioVersion = 17.4.33213.308
MinimumVisualStudioVersion = 10.0.40219.1
Project("{8BC9CEB8-8B4A-11D0-8D11-00A0C91BC942}") = "20230207", "0207\0207.vcxproj", "{28F7021B-3C66-4F62-9153-6B49A3AB809B}"
EndProject
Project("{8BC9CEB8-8B4A-11D0-8D11-00A0C91BC942}") = "20230313", "0313\0313.vcxproj", "{53A9225C-D3F8-415F-A0BD-043552AFC39F}"
EndProject
Project("{8BC9CEB8-8B4A-11D0-8D11-00A0C91BC942}") = "20230315", "20230315\20230315.vcxproj", "{B05D3947-FA44-4DD6-B26B-21B42089CF02}"
EndProject
Project("{8BC9CEB8-8B4A-11D0-8D11-00A0C91BC942}") = "20230403", "20230403\20230403.vcxproj", "{BF3B4D80-FEE1-44A5-BDFB-B83EA27BDA53}"
EndProject
Project("{8BC9CEB8-8B4A-11D0-8D11-00A0C91BC942}") = "20230511", "20230511\20230511.vcxproj", "{23C8F6BC-5427-43D4-B186-405B6AA65D59}"
EndProject
Global
	GlobalSection(SolutionConfigurationPlatforms) = preSolution
		Debug|x64 = Debug|x64
		Debug|x86 = Debug|x86
		Release|x64 = Release|x64
		Release|x86 = Release|x86
	EndGlobalSection
	GlobalSection(ProjectConfigurationPlatforms) = postSolution
		{28F7021B-3C66-4F62-9153-6B49A3AB809B}.Debug|x64.ActiveCfg = Debug|x64
		{28F7021B-3C66-4F62-9153-6B49A3AB809B}.Debug|x64.Build.0 = Debug|x64
		{28F7021B-3C66-4F62-9153-6B49A3AB809B}.Debug|x86.ActiveCfg = Debug|Win32
		{28F7021B-3C66-4F62-9153-6B49A3AB809B}.Debug|x86.Build.0 = Debug|Win32
		{28F7021B-3C66-4F62-9153-6B49A3AB809B}.Release|x64.ActiveCfg = Release|x64
		{28F7021B-3C66-4F62-9153-6B49A3AB809B}.Release|x64.Build.0 = Release|x64
		{28F7021B-3C66-4F62-9153-6B49A3AB809B}.Release|x86.ActiveCfg = Release|Win32
		{28F7021B-3C66-4F62-9153-6B49A3AB809B}.Release|x86.Build.0 = Release|Win32
		{53A9225C-D3F8-415F-A0BD-043552AFC39F}.Debug|x64.ActiveCfg = Debug|x64
		{53A9225C-D3F8-415F-A0BD-043552AFC39F}.Debug|x64.Build.0 = Debug|x64
		{53A9225C-D3F8-415F-A0BD-043552AFC39F}.Debug|x86.ActiveCfg = Debug|Win32
		{53A9225C-D3F8-415F-A0BD-043552AFC39F}.Debug|x86.Build.0 = Debug|Win32
		{53A9225C-D3F8-415F-A0BD-043552AFC39F}.Release|x64.ActiveCfg = Release|x64
		{53A9225C-D3F8-415F-A0BD-043552AFC39F}.Release|x64.Build.0 = Release|x64
		{53A9225C-D3F8-415F-A0BD-043552AFC39F}.Release|x86.ActiveCfg = Release|Win32
		{53A9225C-D3F8-415F-A0BD-043552AFC39F}.Release|x86.Build.0 = Release|Win32
		{B05D3947-FA44-4DD6-B26B-21B42089CF02}.Debug|x64.ActiveCfg = Debug|x64
		{B05D3947-FA44-4DD6-B26B-21B42089CF02}.Debug|x64.Build.0 = Debug|x64
		{B05D3947-FA44-4DD6-B26B-21B42089CF02}.Debug|x86.ActiveCfg = Debug|Win32
		{B05D3947-FA44-4DD6-B26B-21B42089CF02}.Debug|x86.Build.0 = Debug|Win32
		{B05D3947-FA44-4DD6-B26B-21B42089CF02}.Release|x64.ActiveCfg = Release|x64
		{B05D3947-FA44-4DD6-B26B-21B42089CF02}.Release|x64.Build.0 = Release|x64
		{B05D3947-FA44-4DD6-B26B-21B42089CF02}.Release|x86.ActiveCfg = Release|Win32
		{B05D3947-FA44-4DD6-B26B-21B42089CF02}.Release|x86.Build.0 = Release|Win32
		{BF3B4D80-FEE1-44A5-BDFB-B83EA27BDA53}.Debug|x64.ActiveCfg = Debug|x64
		{BF3B4D80-FEE1-44A5-BDFB-B83EA27BDA53}.Debug|x64.Build.0 = Debug|x64
		{BF3B4D80-FEE1-44A5-BDFB-B83EA27BDA53}.Debug|x86.ActiveCfg = Debug|Win32
		{BF3B4D80-FEE1-44A5-BDFB-B83EA27BDA53}.Debug|x86.Build.0 = Debug|Win32
		{BF3B4D80-FEE1-44A5-BDFB-B83EA27BDA53}.Release|x64.ActiveCfg = Release|x64
		{BF3B4D80-FEE1-44A5-BDFB-B83EA27BDA53}.Release|x64.Build.0 = Release|x64
		{BF3B4D80-FEE1-44A5-BDFB-B83EA27BDA53}.Release|x86.ActiveCfg = Release|Win32
		{BF3B4D80-FEE1-44A5-BDFB-B83EA27BDA53}.Release|x86.Build.0 = Release|Win32
		{23C8F6BC-5427-43D4-B186-405B6AA65D59}.Debug|x64.ActiveCfg = Debug|x64
		{23C8F6BC-5427-43D4-B186-405B6AA65D59}.Debug|x64.Build.0 = Debug|x64
		{23C8F6BC-5427-43D4-B186-405B6AA65D59}.Debug|x86.ActiveCfg = Debug|Win32
		{23C8F6BC-5427-43D4-B186-405B6AA65D59}.Debug|x86.Build.0 = Debug|Win32
		{23C8F6BC-5427-43D4-B186-405B6AA65D59}.Release|x64.ActiveCfg = Release|x64
		{23C8F6BC-5427-43D4-B186-405B6AA65D59}.Release|x64.Build.0 = Release|x64
		{23C8F6BC-5427-43D4-B186-405B6AA65D59}.Release|x86.ActiveCfg = Release|Win32
		{23C8F6BC-5427-43D4-B186-405B6AA65D59}.Release|x86.Build.0 = Release|Win32
	EndGlobalSection
	GlobalSection(SolutionProperties) = preSolution
		HideSolutionNode = FALSE
	EndGlobalSection
	GlobalSection(ExtensibilityGlobals) = postSolution
		SolutionGuid = {9853D1B7-C76F-4724-B1B3-A5E86D59D29E}
	EndGlobalSection
EndGlobal
