<?xml version="1.0" encoding="utf-8"?>
<Project ToolsVersion="4.0" xmlns="http://schemas.microsoft.com/developer/msbuild/2003">
  <ItemGroup>
    <Filter Include="Engine">
      <UniqueIdentifier>{67DA6AB6-F800-4c08-8B7A-83BB121AAD01}</UniqueIdentifier>
      <Extensions>rc;ico;cur;bmp;dlg;rc2;rct;bin;rgs;gif;jpg;jpeg;jpe;resx;tiff;tif;png;wav;mfcribbon-ms</Extensions>
    </Filter>
    <Filter Include="Contents">
      <UniqueIdentifier>{4FC737F1-C7A5-4376-A066-2A32D752A2FF}</UniqueIdentifier>
      <Extensions>cpp;c;cc;cxx;c++;cppm;ixx;def;odl;idl;hpj;bat;asm;asmx</Extensions>
    </Filter>
  </ItemGroup>
  <ItemGroup>
    <ClCompile Include="Snake.cpp" />
    <ClCompile Include="GameBlock.cpp">
      <Filter>Contents</Filter>
    </ClCompile>
    <ClCompile Include="GlobalGameLogic.cpp">
      <Filter>Contents</Filter>
    </ClCompile>
    <ClCompile Include="Head.cpp">
      <Filter>Contents</Filter>
    </ClCompile>
    <ClCompile Include="Body.cpp">
      <Filter>Contents</Filter>
    </ClCompile>
    <ClCompile Include="Engine\ConsoleMath.cpp">
      <Filter>Engine</Filter>
    </ClCompile>
    <ClCompile Include="Engine\ConsoleObject.cpp">
      <Filter>Engine</Filter>
    </ClCompile>
    <ClCompile Include="Engine\ConsoleRandom.cpp">
      <Filter>Engine</Filter>
    </ClCompile>
    <ClCompile Include="Engine\ConsoleScreen.cpp">
      <Filter>Engine</Filter>
    </ClCompile>
  </ItemGroup>
  <ItemGroup>
    <ClInclude Include="GameBlock.h">
      <Filter>Contents</Filter>
    </ClInclude>
    <ClInclude Include="GlobalGameLogic.h">
      <Filter>Contents</Filter>
    </ClInclude>
    <ClInclude Include="Head.h">
      <Filter>Contents</Filter>
    </ClInclude>
    <ClInclude Include="Body.h">
      <Filter>Contents</Filter>
    </ClInclude>
    <ClInclude Include="Engine\ConsoleMath.h">
      <Filter>Engine</Filter>
    </ClInclude>
    <ClInclude Include="Engine\ConsoleObject.h">
      <Filter>Engine</Filter>
    </ClInclude>
    <ClInclude Include="Engine\ConsoleRandom.h">
      <Filter>Engine</Filter>
    </ClInclude>
    <ClInclude Include="Engine\ConsoleScreen.h">
      <Filter>Engine</Filter>
    </ClInclude>
  </ItemGroup>
</Project>