<?xml version="1.0" encoding="utf-8"?>
<Project ToolsVersion="4.0" xmlns="http://schemas.microsoft.com/developer/msbuild/2003">
  <ItemGroup>
    <Filter Include="Contents">
      <UniqueIdentifier>{9fcbe1a2-2574-44e2-b55f-c3db4baa913e}</UniqueIdentifier>
    </Filter>
    <Filter Include="Engine">
      <UniqueIdentifier>{c5d38719-ead8-45a3-8a68-81a2bdcc9e44}</UniqueIdentifier>
    </Filter>
  </ItemGroup>
  <ItemGroup>
    <ClCompile Include="ConsoleScreen.cpp" />
    <ClCompile Include="Player.cpp">
      <Filter>Contents</Filter>
    </ClCompile>
    <ClCompile Include="Monster.cpp">
      <Filter>Contents</Filter>
    </ClCompile>
    <ClCompile Include="TextScreen.cpp">
      <Filter>Engine</Filter>
    </ClCompile>
    <ClCompile Include="ConsoleMath.cpp">
      <Filter>Engine</Filter>
    </ClCompile>
    <ClCompile Include="ConsoleObject.cpp">
      <Filter>Engine</Filter>
    </ClCompile>
    <ClCompile Include="ConsoleGlobalInst.cpp">
      <Filter>Contents</Filter>
    </ClCompile>
  </ItemGroup>
  <ItemGroup>
    <ClInclude Include="Player.h">
      <Filter>Contents</Filter>
    </ClInclude>
    <ClInclude Include="Monster.h">
      <Filter>Contents</Filter>
    </ClInclude>
    <ClInclude Include="TextScreen.h">
      <Filter>Engine</Filter>
    </ClInclude>
    <ClInclude Include="ConsoleMath.h">
      <Filter>Engine</Filter>
    </ClInclude>
    <ClInclude Include="ConsoleObject.h">
      <Filter>Engine</Filter>
    </ClInclude>
    <ClInclude Include="ConsoleGlobalInst.h">
      <Filter>Contents</Filter>
    </ClInclude>
  </ItemGroup>
</Project>